
Microsoft Visual Studio Solution File, Format Version 12.00
# Visual Studio 15
VisualStudioVersion = 15.0.28010.2041
MinimumVisualStudioVersion = 10.0.40219.1
Project("{FAE04EC0-301F-11D3-BF4B-00C04F79EFBC}") = "subsidioEscoteiro", "subsidioEscoteiro\subsidioEscoteiro.csproj", "{EB69A17F-943E-4695-9DAF-7868994FE402}"
EndProject
Global
	GlobalSection(SolutionConfigurationPlatforms) = preSolution
		Debug|Any CPU = Debug|Any CPU
		Release|Any CPU = Release|Any CPU
	EndGlobalSection
	GlobalSection(ProjectConfigurationPlatforms) = postSolution
		{EB69A17F-943E-4695-9DAF-7868994FE402}.Debug|Any CPU.ActiveCfg = Debug|Any CPU
		{EB69A17F-943E-4695-9DAF-7868994FE402}.Debug|Any CPU.Build.0 = Debug|Any CPU
		{EB69A17F-943E-4695-9DAF-7868994FE402}.Release|Any CPU.ActiveCfg = Release|Any CPU
		{EB69A17F-943E-4695-9DAF-7868994FE402}.Release|Any CPU.Build.0 = Release|Any CPU
	EndGlobalSection
	GlobalSection(SolutionProperties) = preSolution
		HideSolutionNode = FALSE
	EndGlobalSection
	GlobalSection(ExtensibilityGlobals) = postSolution
		SolutionGuid = {2EED3190-9B4F-4727-A554-017D6ACC4C53}
	EndGlobalSection
EndGlobal
